// !$*UTF8*$!
{
	archiveVersion = 1;
	classes = {
	};
	objectVersion = 46;
	objects = {

/* Begin PBXBuildFile section */
		F58815841AA8535000A875FF /* main.swift in Sources */ = {isa = PBXBuildFile; fileRef = F58815831AA8535000A875FF /* main.swift */; };
		F588158B1AA8554600A875FF /* GlowAct.swift in Sources */ = {isa = PBXBuildFile; fileRef = F588158A1AA8554600A875FF /* GlowAct.swift */; };
		F588158D1AA8555800A875FF /* City.swift in Sources */ = {isa = PBXBuildFile; fileRef = F588158C1AA8555800A875FF /* City.swift */; };
/* End PBXBuildFile section */

/* Begin PBXCopyFilesBuildPhase section */
		F588157E1AA8535000A875FF /* CopyFiles */ = {
			isa = PBXCopyFilesBuildPhase;
			buildActionMask = 2147483647;
			dstPath = /usr/share/man/man1/;
			dstSubfolderSpec = 0;
			files = (
			);
			runOnlyForDeploymentPostprocessing = 1;
		};
/* End PBXCopyFilesBuildPhase section */

/* Begin PBXFileReference section */
		F58815801AA8535000A875FF /* Hellglow World */ = {isa = PBXFileReference; explicitFileType = "compiled.mach-o.executable"; includeInIndex = 0; path = "Hellglow World"; sourceTree = BUILT_PRODUCTS_DIR; };
		F58815831AA8535000A875FF /* main.swift */ = {isa = PBXFileReference; lastKnownFileType = sourcecode.swift; path = main.swift; sourceTree = "<group>"; };
		F588158A1AA8554600A875FF /* GlowAct.swift */ = {isa = PBXFileReference; fileEncoding = 4; lastKnownFileType = sourcecode.swift; path = GlowAct.swift; sourceTree = "<group>"; };
		F588158C1AA8555800A875FF /* City.swift */ = {isa = PBXFileReference; fileEncoding = 4; lastKnownFileType = sourcecode.swift; path = City.swift; sourceTree = "<group>"; };
/* End PBXFileReference section */

/* Begin PBXFrameworksBuildPhase section */
		F588157D1AA8535000A875FF /* Frameworks */ = {
			isa = PBXFrameworksBuildPhase;
			buildActionMask = 2147483647;
			files = (
			);
			runOnlyForDeploymentPostprocessing = 0;
		};
/* End PBXFrameworksBuildPhase section */

/* Begin PBXGroup section */
		F58815771AA8535000A875FF = {
			isa = PBXGroup;
			children = (
				F58815821AA8535000A875FF /* Hellglow World */,
				F58815811AA8535000A875FF /* Products */,
			);
			sourceTree = "<group>";
		};
		F58815811AA8535000A875FF /* Products */ = {
			isa = PBXGroup;
			children = (
				F58815801AA8535000A875FF /* Hellglow World */,
			);
			name = Products;
			sourceTree = "<group>";
		};
		F58815821AA8535000A875FF /* Hellglow World */ = {
			isa = PBXGroup;
			children = (
				F58815831AA8535000A875FF /* main.swift */,
				F588158A1AA8554600A875FF /* GlowAct.swift */,
				F588158C1AA8555800A875FF /* City.swift */,
			);
			path = "Hellglow World";
			sourceTree = "<group>";
		};
/* End PBXGroup section */

/* Begin PBXNativeTarget section */
		F588157F1AA8535000A875FF /* Hellglow World */ = {
			isa = PBXNativeTarget;
			buildConfigurationList = F58815871AA8535000A875FF /* Build configuration list for PBXNativeTarget "Hellglow World" */;
			buildPhases = (
				F588157C1AA8535000A875FF /* Sources */,
				F588157D1AA8535000A875FF /* Frameworks */,
				F588157E1AA8535000A875FF /* CopyFiles */,
			);
			buildRules = (
			);
			dependencies = (
			);
			name = "Hellglow World";
			productName = "Hellglow World";
			productReference = F58815801AA8535000A875FF /* Hellglow World */;
			productType = "com.apple.product-type.tool";
		};
/* End PBXNativeTarget section */

/* Begin PBXProject section */
		F58815781AA8535000A875FF /* Project object */ = {
			isa = PBXProject;
			attributes = {
				LastUpgradeCheck = 0610;
				ORGANIZATIONNAME = fhict;
				TargetAttributes = {
					F588157F1AA8535000A875FF = {
						CreatedOnToolsVersion = 6.1.1;
					};
				};
			};
			buildConfigurationList = F588157B1AA8535000A875FF /* Build configuration list for PBXProject "Hellglow World" */;
			compatibilityVersion = "Xcode 3.2";
			developmentRegion = English;
			hasScannedForEncodings = 0;
			knownRegions = (
				en,
			);
			mainGroup = F58815771AA8535000A875FF;
			productRefGroup = F58815811AA8535000A875FF /* Products */;
			projectDirPath = "";
			projectRoot = "";
			targets = (
				F588157F1AA8535000A875FF /* Hellglow World */,
			);
		};
/* End PBXProject section */

/* Begin PBXSourcesBuildPhase section */
		F588157C1AA8535000A875FF /* Sources */ = {
			isa = PBXSourcesBuildPhase;
			buildActionMask = 2147483647;
			files = (
				F58815841AA8535000A875FF /* main.swift in Sources */,
				F588158B1AA8554600A875FF /* GlowAct.swift in Sources */,
				F588158D1AA8555800A875FF /* City.swift in Sources */,
			);
			runOnlyForDeploymentPostprocessing = 0;
		};
/* End PBXSourcesBuildPhase section */

/* Begin XCBuildConfiguration section */
		F58815851AA8535000A875FF /* Debug */ = {
			isa = XCBuildConfiguration;
			buildSettings = {
				ALWAYS_SEARCH_USER_PATHS = NO;
				CLANG_CXX_LANGUAGE_STANDARD = "gnu++0x";
				CLANG_CXX_LIBRARY = "libc++";
				CLANG_ENABLE_MODULES = YES;
				CLANG_ENABLE_OBJC_ARC = YES;
				CLANG_WARN_BOOL_CONVERSION = YES;
				CLANG_WARN_CONSTANT_CONVERSION = YES;
				CLANG_WARN_DIRECT_OBJC_ISA_USAGE = YES_ERROR;
				CLANG_WARN_EMPTY_BODY = YES;
				CLANG_WARN_ENUM_CONVERSION = YES;
				CLANG_WARN_INT_CONVERSION = YES;
				CLANG_WARN_OBJC_ROOT_CLASS = YES_ERROR;
				CLANG_WARN_UNREACHABLE_CODE = YES;
				CLANG_WARN__DUPLICATE_METHOD_MATCH = YES;
				COPY_PHASE_STRIP = NO;
				ENABLE_STRICT_OBJC_MSGSEND = YES;
				GCC_C_LANGUAGE_STANDARD = gnu99;
				GCC_DYNAMIC_NO_PIC = NO;
				GCC_OPTIMIZATION_LEVEL = 0;
				GCC_PREPROCESSOR_DEFINITIONS = (
					"DEBUG=1",
					"$(inherited)",
				);
				GCC_SYMBOLS_PRIVATE_EXTERN = NO;
				GCC_WARN_64_TO_32_BIT_CONVERSION = YES;
				GCC_WARN_ABOUT_RETURN_TYPE = YES_ERROR;
				GCC_WARN_UNDECLARED_SELECTOR = YES;
				GCC_WARN_UNINITIALIZED_AUTOS = YES_AGGRESSIVE;
				GCC_WARN_UNUSED_FUNCTION = YES;
				GCC_WARN_UNUSED_VARIABLE = YES;
				MACOSX_DEPLOYMENT_TARGET = 10.10;
				MTL_ENABLE_DEBUG_INFO = YES;
				ONLY_ACTIVE_ARCH = YES;
				SDKROOT = macosx;
				SWIFT_OPTIMIZATION_LEVEL = "-Onone";
			};
			name = Debug;
		};
		F58815861AA8535000A875FF /* Release */ = {
			isa = XCBuildConfiguration;
			buildSettings = {
				ALWAYS_SEARCH_USER_PATHS = NO;
				CLANG_CXX_LANGUAGE_STANDARD = "gnu++0x";
				CLANG_CXX_LIBRARY = "libc++";
				CLANG_ENABLE_MODULES = YES;
				CLANG_ENABLE_OBJC_ARC = YES;
				CLANG_WARN_BOOL_CONVERSION = YES;
				CLANG_WARN_CONSTANT_CONVERSION = YES;
				CLANG_WARN_DIRECT_OBJC_ISA_USAGE = YES_ERROR;
				CLANG_WARN_EMPTY_BODY = YES;
				CLANG_WARN_ENUM_CONVERSION = YES;
				CLANG_WARN_INT_CONVERSION = YES;
				CLANG_WARN_OBJC_ROOT_CLASS = YES_ERROR;
				CLANG_WARN_UNREACHABLE_CODE = YES;
				CLANG_WARN__DUPLICATE_METHOD_MATCH = YES;
				COPY_PHASE_STRIP = YES;
				DEBUG_INFORMATION_FORMAT = "dwarf-with-dsym";
				ENABLE_NS_ASSERTIONS = NO;
				ENABLE_STRICT_OBJC_MSGSEND = YES;
				GCC_C_LANGUAGE_STANDARD = gnu99;
				GCC_WARN_64_TO_32_BIT_CONVERSION = YES;
				GCC_WARN_ABOUT_RETURN_TYPE = YES_ERROR;
				GCC_WARN_UNDECLARED_SELECTOR = YES;
				GCC_WARN_UNINITIALIZED_AUTOS = YES_AGGRESSIVE;
				GCC_WARN_UNUSED_FUNCTION = YES;
				GCC_WARN_UNUSED_VARIABLE = YES;
				MACOSX_DEPLOYMENT_TARGET = 10.10;
				MTL_ENABLE_DEBUG_INFO = NO;
				SDKROOT = macosx;
			};
			name = Release;
		};
		F58815881AA8535000A875FF /* Debug */ = {
			isa = XCBuildConfiguration;
			buildSettings = {
				PRODUCT_NAME = "$(TARGET_NAME)";
			};
			name = Debug;
		};
		F58815891AA8535000A875FF /* Release */ = {
			isa = XCBuildConfiguration;
			buildSettings = {
				PRODUCT_NAME = "$(TARGET_NAME)";
			};
			name = Release;
		};
/* End XCBuildConfiguration section */

/* Begin XCConfigurationList section */
		F588157B1AA8535000A875FF /* Build configuration list for PBXProject "Hellglow World" */ = {
			isa = XCConfigurationList;
			buildConfigurations = (
				F58815851AA8535000A875FF /* Debug */,
				F58815861AA8535000A875FF /* Release */,
			);
			defaultConfigurationIsVisible = 0;
			defaultConfigurationName = Release;
		};
		F58815871AA8535000A875FF /* Build configuration list for PBXNativeTarget "Hellglow World" */ = {
			isa = XCConfigurationList;
			buildConfigurations = (
				F58815881AA8535000A875FF /* Debug */,
				F58815891AA8535000A875FF /* Release */,
			);
			defaultConfigurationIsVisible = 0;
		};
/* End XCConfigurationList section */
	};
	rootObject = F58815781AA8535000A875FF /* Project object */;
}
